
Microsoft Visual Studio Solution File, Format Version 12.00
# Visual Studio Version 16
VisualStudioVersion = 16.0.30330.147
MinimumVisualStudioVersion = 10.0.40219.1
Project("{FAE04EC0-301F-11D3-BF4B-00C04F79EFBC}") = "PaymentManagementApp", "Proiect2\PaymentManagementApp.csproj", "{A312883F-FAE3-47C4-91E8-53E8E17C2E2D}"
EndProject
Global
	GlobalSection(SolutionConfigurationPlatforms) = preSolution
		Debug|Any CPU = Debug|Any CPU
		Release|Any CPU = Release|Any CPU
	EndGlobalSection
	GlobalSection(ProjectConfigurationPlatforms) = postSolution
		{A312883F-FAE3-47C4-91E8-53E8E17C2E2D}.Debug|Any CPU.ActiveCfg = Debug|Any CPU
		{A312883F-FAE3-47C4-91E8-53E8E17C2E2D}.Debug|Any CPU.Build.0 = Debug|Any CPU
		{A312883F-FAE3-47C4-91E8-53E8E17C2E2D}.Release|Any CPU.ActiveCfg = Release|Any CPU
		{A312883F-FAE3-47C4-91E8-53E8E17C2E2D}.Release|Any CPU.Build.0 = Release|Any CPU
	EndGlobalSection
	GlobalSection(SolutionProperties) = preSolution
		HideSolutionNode = FALSE
	EndGlobalSection
	GlobalSection(ExtensibilityGlobals) = postSolution
		SolutionGuid = {92BCC4D1-AC39-4CFE-89D7-B63E1BA8D679}
	EndGlobalSection
EndGlobal
